
Microsoft Visual Studio Solution File, Format Version 12.00
# Visual Studio Version 17
VisualStudioVersion = 17.14.36603.0 d17.14
MinimumVisualStudioVersion = 10.0.40219.1
Project("{FAE04EC0-301F-11D3-BF4B-00C04F79EFBC}") = "Homework3Contactes", "Homework3Contactes\Homework3Contactes.csproj", "{1B9DF7C0-DCBC-46F6-B238-F7E9681C8830}"
EndProject
Global
	GlobalSection(SolutionConfigurationPlatforms) = preSolution
		Debug|Any CPU = Debug|Any CPU
		Release|Any CPU = Release|Any CPU
	EndGlobalSection
	GlobalSection(ProjectConfigurationPlatforms) = postSolution
		{1B9DF7C0-DCBC-46F6-B238-F7E9681C8830}.Debug|Any CPU.ActiveCfg = Debug|Any CPU
		{1B9DF7C0-DCBC-46F6-B238-F7E9681C8830}.Debug|Any CPU.Build.0 = Debug|Any CPU
		{1B9DF7C0-DCBC-46F6-B238-F7E9681C8830}.Release|Any CPU.ActiveCfg = Release|Any CPU
		{1B9DF7C0-DCBC-46F6-B238-F7E9681C8830}.Release|Any CPU.Build.0 = Release|Any CPU
	EndGlobalSection
	GlobalSection(SolutionProperties) = preSolution
		HideSolutionNode = FALSE
	EndGlobalSection
	GlobalSection(ExtensibilityGlobals) = postSolution
		SolutionGuid = {594B9FAD-2088-4D88-80A1-3B42B5172E4E}
	EndGlobalSection
EndGlobal
